// !$*UTF8*$!
{
	archiveVersion = 1;
	classes = {
	};
	objectVersion = 46;
	objects = {

/* Begin PBXBuildFile section */
		D8C5C382188C4CD900176C33 /* Foundation.framework in Frameworks */ = {isa = PBXBuildFile; fileRef = D8C5C381188C4CD900176C33 /* Foundation.framework */; };
		D8C5C384188C4CD900176C33 /* CoreGraphics.framework in Frameworks */ = {isa = PBXBuildFile; fileRef = D8C5C383188C4CD900176C33 /* CoreGraphics.framework */; };
		D8C5C386188C4CD900176C33 /* UIKit.framework in Frameworks */ = {isa = PBXBuildFile; fileRef = D8C5C385188C4CD900176C33 /* UIKit.framework */; };
		D8C5C38C188C4CD900176C33 /* InfoPlist.strings in Resources */ = {isa = PBXBuildFile; fileRef = D8C5C38A188C4CD900176C33 /* InfoPlist.strings */; };
		D8C5C38E188C4CD900176C33 /* main.m in Sources */ = {isa = PBXBuildFile; fileRef = D8C5C38D188C4CD900176C33 /* main.m */; };
		D8C5C392188C4CD900176C33 /* WDAppDelegate.m in Sources */ = {isa = PBXBuildFile; fileRef = D8C5C391188C4CD900176C33 /* WDAppDelegate.m */; };
		D8C5C394188C4CD900176C33 /* Images.xcassets in Resources */ = {isa = PBXBuildFile; fileRef = D8C5C393188C4CD900176C33 /* Images.xcassets */; };
		D8C5C39B188C4CD900176C33 /* XCTest.framework in Frameworks */ = {isa = PBXBuildFile; fileRef = D8C5C39A188C4CD900176C33 /* XCTest.framework */; };
		D8C5C39C188C4CD900176C33 /* Foundation.framework in Frameworks */ = {isa = PBXBuildFile; fileRef = D8C5C381188C4CD900176C33 /* Foundation.framework */; };
		D8C5C39D188C4CD900176C33 /* UIKit.framework in Frameworks */ = {isa = PBXBuildFile; fileRef = D8C5C385188C4CD900176C33 /* UIKit.framework */; };
		D8C5C3A5188C4CD900176C33 /* InfoPlist.strings in Resources */ = {isa = PBXBuildFile; fileRef = D8C5C3A3188C4CD900176C33 /* InfoPlist.strings */; };
		D8C5C3A7188C4CD900176C33 /* appTests.m in Sources */ = {isa = PBXBuildFile; fileRef = D8C5C3A6188C4CD900176C33 /* appTests.m */; };
/* End PBXBuildFile section */

/* Begin PBXContainerItemProxy section */
		D8C5C39E188C4CD900176C33 /* PBXContainerItemProxy */ = {
			isa = PBXContainerItemProxy;
			containerPortal = D8C5C376188C4CD900176C33 /* Project object */;
			proxyType = 1;
			remoteGlobalIDString = D8C5C37D188C4CD900176C33;
			remoteInfo = app;
		};
/* End PBXContainerItemProxy section */

/* Begin PBXFileReference section */
		D8C5C37E188C4CD900176C33 /* app.app */ = {isa = PBXFileReference; explicitFileType = wrapper.application; includeInIndex = 0; path = app.app; sourceTree = BUILT_PRODUCTS_DIR; };
		D8C5C381188C4CD900176C33 /* Foundation.framework */ = {isa = PBXFileReference; lastKnownFileType = wrapper.framework; name = Foundation.framework; path = System/Library/Frameworks/Foundation.framework; sourceTree = SDKROOT; };
		D8C5C383188C4CD900176C33 /* CoreGraphics.framework */ = {isa = PBXFileReference; lastKnownFileType = wrapper.framework; name = CoreGraphics.framework; path = System/Library/Frameworks/CoreGraphics.framework; sourceTree = SDKROOT; };
		D8C5C385188C4CD900176C33 /* UIKit.framework */ = {isa = PBXFileReference; lastKnownFileType = wrapper.framework; name = UIKit.framework; path = System/Library/Frameworks/UIKit.framework; sourceTree = SDKROOT; };
		D8C5C389188C4CD900176C33 /* app-Info.plist */ = {isa = PBXFileReference; lastKnownFileType = text.plist.xml; path = "app-Info.plist"; sourceTree = "<group>"; };
		D8C5C38B188C4CD900176C33 /* en */ = {isa = PBXFileReference; lastKnownFileType = text.plist.strings; name = en; path = en.lproj/InfoPlist.strings; sourceTree = "<group>"; };
		D8C5C38D188C4CD900176C33 /* main.m */ = {isa = PBXFileReference; lastKnownFileType = sourcecode.c.objc; path = main.m; sourceTree = "<group>"; };
		D8C5C38F188C4CD900176C33 /* app-Prefix.pch */ = {isa = PBXFileReference; lastKnownFileType = sourcecode.c.h; path = "app-Prefix.pch"; sourceTree = "<group>"; };
		D8C5C390188C4CD900176C33 /* WDAppDelegate.h */ = {isa = PBXFileReference; lastKnownFileType = sourcecode.c.h; path = WDAppDelegate.h; sourceTree = "<group>"; };
		D8C5C391188C4CD900176C33 /* WDAppDelegate.m */ = {isa = PBXFileReference; lastKnownFileType = sourcecode.c.objc; path = WDAppDelegate.m; sourceTree = "<group>"; };
		D8C5C393188C4CD900176C33 /* Images.xcassets */ = {isa = PBXFileReference; lastKnownFileType = folder.assetcatalog; path = Images.xcassets; sourceTree = "<group>"; };
		D8C5C399188C4CD900176C33 /* appTests.xctest */ = {isa = PBXFileReference; explicitFileType = wrapper.cfbundle; includeInIndex = 0; path = appTests.xctest; sourceTree = BUILT_PRODUCTS_DIR; };
		D8C5C39A188C4CD900176C33 /* XCTest.framework */ = {isa = PBXFileReference; lastKnownFileType = wrapper.framework; name = XCTest.framework; path = Library/Frameworks/XCTest.framework; sourceTree = DEVELOPER_DIR; };
		D8C5C3A2188C4CD900176C33 /* appTests-Info.plist */ = {isa = PBXFileReference; lastKnownFileType = text.plist.xml; path = "appTests-Info.plist"; sourceTree = "<group>"; };
		D8C5C3A4188C4CD900176C33 /* en */ = {isa = PBXFileReference; lastKnownFileType = text.plist.strings; name = en; path = en.lproj/InfoPlist.strings; sourceTree = "<group>"; };
		D8C5C3A6188C4CD900176C33 /* appTests.m */ = {isa = PBXFileReference; lastKnownFileType = sourcecode.c.objc; path = appTests.m; sourceTree = "<group>"; };
/* End PBXFileReference section */

/* Begin PBXFrameworksBuildPhase section */
		D8C5C37B188C4CD900176C33 /* Frameworks */ = {
			isa = PBXFrameworksBuildPhase;
			buildActionMask = 2147483647;
			files = (
				D8C5C384188C4CD900176C33 /* CoreGraphics.framework in Frameworks */,
				D8C5C386188C4CD900176C33 /* UIKit.framework in Frameworks */,
				D8C5C382188C4CD900176C33 /* Foundation.framework in Frameworks */,
			);
			runOnlyForDeploymentPostprocessing = 0;
		};
		D8C5C396188C4CD900176C33 /* Frameworks */ = {
			isa = PBXFrameworksBuildPhase;
			buildActionMask = 2147483647;
			files = (
				D8C5C39B188C4CD900176C33 /* XCTest.framework in Frameworks */,
				D8C5C39D188C4CD900176C33 /* UIKit.framework in Frameworks */,
				D8C5C39C188C4CD900176C33 /* Foundation.framework in Frameworks */,
			);
			runOnlyForDeploymentPostprocessing = 0;
		};
/* End PBXFrameworksBuildPhase section */

/* Begin PBXGroup section */
		D8C5C375188C4CD900176C33 = {
			isa = PBXGroup;
			children = (
				D8C5C387188C4CD900176C33 /* app */,
				D8C5C3A0188C4CD900176C33 /* appTests */,
				D8C5C380188C4CD900176C33 /* Frameworks */,
				D8C5C37F188C4CD900176C33 /* Products */,
			);
			sourceTree = "<group>";
		};
		D8C5C37F188C4CD900176C33 /* Products */ = {
			isa = PBXGroup;
			children = (
				D8C5C37E188C4CD900176C33 /* app.app */,
				D8C5C399188C4CD900176C33 /* appTests.xctest */,
			);
			name = Products;
			sourceTree = "<group>";
		};
		D8C5C380188C4CD900176C33 /* Frameworks */ = {
			isa = PBXGroup;
			children = (
				D8C5C381188C4CD900176C33 /* Foundation.framework */,
				D8C5C383188C4CD900176C33 /* CoreGraphics.framework */,
				D8C5C385188C4CD900176C33 /* UIKit.framework */,
				D8C5C39A188C4CD900176C33 /* XCTest.framework */,
			);
			name = Frameworks;
			sourceTree = "<group>";
		};
		D8C5C387188C4CD900176C33 /* app */ = {
			isa = PBXGroup;
			children = (
				D8C5C390188C4CD900176C33 /* WDAppDelegate.h */,
				D8C5C391188C4CD900176C33 /* WDAppDelegate.m */,
				D8C5C393188C4CD900176C33 /* Images.xcassets */,
				D8C5C388188C4CD900176C33 /* Supporting Files */,
			);
			path = app;
			sourceTree = "<group>";
		};
		D8C5C388188C4CD900176C33 /* Supporting Files */ = {
			isa = PBXGroup;
			children = (
				D8C5C389188C4CD900176C33 /* app-Info.plist */,
				D8C5C38A188C4CD900176C33 /* InfoPlist.strings */,
				D8C5C38D188C4CD900176C33 /* main.m */,
				D8C5C38F188C4CD900176C33 /* app-Prefix.pch */,
			);
			name = "Supporting Files";
			sourceTree = "<group>";
		};
		D8C5C3A0188C4CD900176C33 /* appTests */ = {
			isa = PBXGroup;
			children = (
				D8C5C3A6188C4CD900176C33 /* appTests.m */,
				D8C5C3A1188C4CD900176C33 /* Supporting Files */,
			);
			path = appTests;
			sourceTree = "<group>";
		};
		D8C5C3A1188C4CD900176C33 /* Supporting Files */ = {
			isa = PBXGroup;
			children = (
				D8C5C3A2188C4CD900176C33 /* appTests-Info.plist */,
				D8C5C3A3188C4CD900176C33 /* InfoPlist.strings */,
			);
			name = "Supporting Files";
			sourceTree = "<group>";
		};
/* End PBXGroup section */

/* Begin PBXNativeTarget section */
		D8C5C37D188C4CD900176C33 /* app */ = {
			isa = PBXNativeTarget;
			buildConfigurationList = D8C5C3AA188C4CD900176C33 /* Build configuration list for PBXNativeTarget "app" */;
			buildPhases = (
				D8C5C37A188C4CD900176C33 /* Sources */,
				D8C5C37B188C4CD900176C33 /* Frameworks */,
				D8C5C37C188C4CD900176C33 /* Resources */,
			);
			buildRules = (
			);
			dependencies = (
			);
			name = app;
			productName = app;
			productReference = D8C5C37E188C4CD900176C33 /* app.app */;
			productType = "com.apple.product-type.application";
		};
		D8C5C398188C4CD900176C33 /* appTests */ = {
			isa = PBXNativeTarget;
			buildConfigurationList = D8C5C3AD188C4CD900176C33 /* Build configuration list for PBXNativeTarget "appTests" */;
			buildPhases = (
				D8C5C395188C4CD900176C33 /* Sources */,
				D8C5C396188C4CD900176C33 /* Frameworks */,
				D8C5C397188C4CD900176C33 /* Resources */,
			);
			buildRules = (
			);
			dependencies = (
				D8C5C39F188C4CD900176C33 /* PBXTargetDependency */,
			);
			name = appTests;
			productName = appTests;
			productReference = D8C5C399188C4CD900176C33 /* appTests.xctest */;
			productType = "com.apple.product-type.bundle.unit-test";
		};
/* End PBXNativeTarget section */

/* Begin PBXProject section */
		D8C5C376188C4CD900176C33 /* Project object */ = {
			isa = PBXProject;
			attributes = {
				CLASSPREFIX = WD;
				LastUpgradeCheck = 0500;
				ORGANIZATIONNAME = "Who's Down";
				TargetAttributes = {
					D8C5C398188C4CD900176C33 = {
						TestTargetID = D8C5C37D188C4CD900176C33;
					};
				};
			};
			buildConfigurationList = D8C5C379188C4CD900176C33 /* Build configuration list for PBXProject "app" */;
			compatibilityVersion = "Xcode 3.2";
			developmentRegion = English;
			hasScannedForEncodings = 0;
			knownRegions = (
				en,
			);
			mainGroup = D8C5C375188C4CD900176C33;
			productRefGroup = D8C5C37F188C4CD900176C33 /* Products */;
			projectDirPath = "";
			projectRoot = "";
			targets = (
				D8C5C37D188C4CD900176C33 /* app */,
				D8C5C398188C4CD900176C33 /* appTests */,
			);
		};
/* End PBXProject section */

/* Begin PBXResourcesBuildPhase section */
		D8C5C37C188C4CD900176C33 /* Resources */ = {
			isa = PBXResourcesBuildPhase;
			buildActionMask = 2147483647;
			files = (
				D8C5C38C188C4CD900176C33 /* InfoPlist.strings in Resources */,
				D8C5C394188C4CD900176C33 /* Images.xcassets in Resources */,
			);
			runOnlyForDeploymentPostprocessing = 0;
		};
		D8C5C397188C4CD900176C33 /* Resources */ = {
			isa = PBXResourcesBuildPhase;
			buildActionMask = 2147483647;
			files = (
				D8C5C3A5188C4CD900176C33 /* InfoPlist.strings in Resources */,
			);
			runOnlyForDeploymentPostprocessing = 0;
		};
/* End PBXResourcesBuildPhase section */

/* Begin PBXSourcesBuildPhase section */
		D8C5C37A188C4CD900176C33 /* Sources */ = {
			isa = PBXSourcesBuildPhase;
			buildActionMask = 2147483647;
			files = (
				D8C5C38E188C4CD900176C33 /* main.m in Sources */,
				D8C5C392188C4CD900176C33 /* WDAppDelegate.m in Sources */,
			);
			runOnlyForDeploymentPostprocessing = 0;
		};
		D8C5C395188C4CD900176C33 /* Sources */ = {
			isa = PBXSourcesBuildPhase;
			buildActionMask = 2147483647;
			files = (
				D8C5C3A7188C4CD900176C33 /* appTests.m in Sources */,
			);
			runOnlyForDeploymentPostprocessing = 0;
		};
/* End PBXSourcesBuildPhase section */

/* Begin PBXTargetDependency section */
		D8C5C39F188C4CD900176C33 /* PBXTargetDependency */ = {
			isa = PBXTargetDependency;
			target = D8C5C37D188C4CD900176C33 /* app */;
			targetProxy = D8C5C39E188C4CD900176C33 /* PBXContainerItemProxy */;
		};
/* End PBXTargetDependency section */

/* Begin PBXVariantGroup section */
		D8C5C38A188C4CD900176C33 /* InfoPlist.strings */ = {
			isa = PBXVariantGroup;
			children = (
				D8C5C38B188C4CD900176C33 /* en */,
			);
			name = InfoPlist.strings;
			sourceTree = "<group>";
		};
		D8C5C3A3188C4CD900176C33 /* InfoPlist.strings */ = {
			isa = PBXVariantGroup;
			children = (
				D8C5C3A4188C4CD900176C33 /* en */,
			);
			name = InfoPlist.strings;
			sourceTree = "<group>";
		};
/* End PBXVariantGroup section */

/* Begin XCBuildConfiguration section */
		D8C5C3A8188C4CD900176C33 /* Debug */ = {
			isa = XCBuildConfiguration;
			buildSettings = {
				ALWAYS_SEARCH_USER_PATHS = NO;
				ARCHS = "$(ARCHS_STANDARD_INCLUDING_64_BIT)";
				CLANG_CXX_LANGUAGE_STANDARD = "gnu++0x";
				CLANG_CXX_LIBRARY = "libc++";
				CLANG_ENABLE_MODULES = YES;
				CLANG_ENABLE_OBJC_ARC = YES;
				CLANG_WARN_BOOL_CONVERSION = YES;
				CLANG_WARN_CONSTANT_CONVERSION = YES;
				CLANG_WARN_DIRECT_OBJC_ISA_USAGE = YES_ERROR;
				CLANG_WARN_EMPTY_BODY = YES;
				CLANG_WARN_ENUM_CONVERSION = YES;
				CLANG_WARN_INT_CONVERSION = YES;
				CLANG_WARN_OBJC_ROOT_CLASS = YES_ERROR;
				CLANG_WARN__DUPLICATE_METHOD_MATCH = YES;
				"CODE_SIGN_IDENTITY[sdk=iphoneos*]" = "iPhone Developer";
				COPY_PHASE_STRIP = NO;
				GCC_C_LANGUAGE_STANDARD = gnu99;
				GCC_DYNAMIC_NO_PIC = NO;
				GCC_OPTIMIZATION_LEVEL = 0;
				GCC_PREPROCESSOR_DEFINITIONS = (
					"DEBUG=1",
					"$(inherited)",
				);
				GCC_SYMBOLS_PRIVATE_EXTERN = NO;
				GCC_WARN_64_TO_32_BIT_CONVERSION = YES;
				GCC_WARN_ABOUT_RETURN_TYPE = YES_ERROR;
				GCC_WARN_UNDECLARED_SELECTOR = YES;
				GCC_WARN_UNINITIALIZED_AUTOS = YES;
				GCC_WARN_UNUSED_FUNCTION = YES;
				GCC_WARN_UNUSED_VARIABLE = YES;
				IPHONEOS_DEPLOYMENT_TARGET = 7.0;
				ONLY_ACTIVE_ARCH = YES;
				SDKROOT = iphoneos;
				TARGETED_DEVICE_FAMILY = "1,2";
			};
			name = Debug;
		};
		D8C5C3A9188C4CD900176C33 /* Release */ = {
			isa = XCBuildConfiguration;
			buildSettings = {
				ALWAYS_SEARCH_USER_PATHS = NO;
				ARCHS = "$(ARCHS_STANDARD_INCLUDING_64_BIT)";
				CLANG_CXX_LANGUAGE_STANDARD = "gnu++0x";
				CLANG_CXX_LIBRARY = "libc++";
				CLANG_ENABLE_MODULES = YES;
				CLANG_ENABLE_OBJC_ARC = YES;
				CLANG_WARN_BOOL_CONVERSION = YES;
				CLANG_WARN_CONSTANT_CONVERSION = YES;
				CLANG_WARN_DIRECT_OBJC_ISA_USAGE = YES_ERROR;
				CLANG_WARN_EMPTY_BODY = YES;
				CLANG_WARN_ENUM_CONVERSION = YES;
				CLANG_WARN_INT_CONVERSION = YES;
				CLANG_WARN_OBJC_ROOT_CLASS = YES_ERROR;
				CLANG_WARN__DUPLICATE_METHOD_MATCH = YES;
				"CODE_SIGN_IDENTITY[sdk=iphoneos*]" = "iPhone Developer";
				COPY_PHASE_STRIP = YES;
				ENABLE_NS_ASSERTIONS = NO;
				GCC_C_LANGUAGE_STANDARD = gnu99;
				GCC_WARN_64_TO_32_BIT_CONVERSION = YES;
				GCC_WARN_ABOUT_RETURN_TYPE = YES_ERROR;
				GCC_WARN_UNDECLARED_SELECTOR = YES;
				GCC_WARN_UNINITIALIZED_AUTOS = YES;
				GCC_WARN_UNUSED_FUNCTION = YES;
				GCC_WARN_UNUSED_VARIABLE = YES;
				IPHONEOS_DEPLOYMENT_TARGET = 7.0;
				SDKROOT = iphoneos;
				TARGETED_DEVICE_FAMILY = "1,2";
				VALIDATE_PRODUCT = YES;
			};
			name = Release;
		};
		D8C5C3AB188C4CD900176C33 /* Debug */ = {
			isa = XCBuildConfiguration;
			buildSettings = {
				ASSETCATALOG_COMPILER_APPICON_NAME = AppIcon;
				ASSETCATALOG_COMPILER_LAUNCHIMAGE_NAME = LaunchImage;
				GCC_PRECOMPILE_PREFIX_HEADER = YES;
				GCC_PREFIX_HEADER = "app/app-Prefix.pch";
				INFOPLIST_FILE = "app/app-Info.plist";
				PRODUCT_NAME = "$(TARGET_NAME)";
				WRAPPER_EXTENSION = app;
			};
			name = Debug;
		};
		D8C5C3AC188C4CD900176C33 /* Release */ = {
			isa = XCBuildConfiguration;
			buildSettings = {
				ASSETCATALOG_COMPILER_APPICON_NAME = AppIcon;
				ASSETCATALOG_COMPILER_LAUNCHIMAGE_NAME = LaunchImage;
				GCC_PRECOMPILE_PREFIX_HEADER = YES;
				GCC_PREFIX_HEADER = "app/app-Prefix.pch";
				INFOPLIST_FILE = "app/app-Info.plist";
				PRODUCT_NAME = "$(TARGET_NAME)";
				WRAPPER_EXTENSION = app;
			};
			name = Release;
		};
		D8C5C3AE188C4CD900176C33 /* Debug */ = {
			isa = XCBuildConfiguration;
			buildSettings = {
				ARCHS = "$(ARCHS_STANDARD_INCLUDING_64_BIT)";
				BUNDLE_LOADER = "$(BUILT_PRODUCTS_DIR)/app.app/app";
				FRAMEWORK_SEARCH_PATHS = (
					"$(SDKROOT)/Developer/Library/Frameworks",
					"$(inherited)",
					"$(DEVELOPER_FRAMEWORKS_DIR)",
				);
				GCC_PRECOMPILE_PREFIX_HEADER = YES;
				GCC_PREFIX_HEADER = "app/app-Prefix.pch";
				GCC_PREPROCESSOR_DEFINITIONS = (
					"DEBUG=1",
					"$(inherited)",
				);
				INFOPLIST_FILE = "appTests/appTests-Info.plist";
				PRODUCT_NAME = "$(TARGET_NAME)";
				TEST_HOST = "$(BUNDLE_LOADER)";
				WRAPPER_EXTENSION = xctest;
			};
			name = Debug;
		};
		D8C5C3AF188C4CD900176C33 /* Release */ = {
			isa = XCBuildConfiguration;
			buildSettings = {
				ARCHS = "$(ARCHS_STANDARD_INCLUDING_64_BIT)";
				BUNDLE_LOADER = "$(BUILT_PRODUCTS_DIR)/app.app/app";
				FRAMEWORK_SEARCH_PATHS = (
					"$(SDKROOT)/Developer/Library/Frameworks",
					"$(inherited)",
					"$(DEVELOPER_FRAMEWORKS_DIR)",
				);
				GCC_PRECOMPILE_PREFIX_HEADER = YES;
				GCC_PREFIX_HEADER = "app/app-Prefix.pch";
				INFOPLIST_FILE = "appTests/appTests-Info.plist";
				PRODUCT_NAME = "$(TARGET_NAME)";
				TEST_HOST = "$(BUNDLE_LOADER)";
				WRAPPER_EXTENSION = xctest;
			};
			name = Release;
		};
/* End XCBuildConfiguration section */

/* Begin XCConfigurationList section */
		D8C5C379188C4CD900176C33 /* Build configuration list for PBXProject "app" */ = {
			isa = XCConfigurationList;
			buildConfigurations = (
				D8C5C3A8188C4CD900176C33 /* Debug */,
				D8C5C3A9188C4CD900176C33 /* Release */,
			);
			defaultConfigurationIsVisible = 0;
			defaultConfigurationName = Release;
		};
		D8C5C3AA188C4CD900176C33 /* Build configuration list for PBXNativeTarget "app" */ = {
			isa = XCConfigurationList;
			buildConfigurations = (
				D8C5C3AB188C4CD900176C33 /* Debug */,
				D8C5C3AC188C4CD900176C33 /* Release */,
			);
			defaultConfigurationIsVisible = 0;
		};
		D8C5C3AD188C4CD900176C33 /* Build configuration list for PBXNativeTarget "appTests" */ = {
			isa = XCConfigurationList;
			buildConfigurations = (
				D8C5C3AE188C4CD900176C33 /* Debug */,
				D8C5C3AF188C4CD900176C33 /* Release */,
			);
			defaultConfigurationIsVisible = 0;
		};
/* End XCConfigurationList section */
	};
	rootObject = D8C5C376188C4CD900176C33 /* Project object */;
}
