// !$*UTF8*$!
{
	archiveVersion = 1;
	classes = {
	};
	objectVersion = 46;
	objects = {

/* Begin PBXBuildFile section */
		D843127318B7D87A006D9785 /* WDRootVC.m in Sources */ = {isa = PBXBuildFile; fileRef = D843127218B7D87A006D9785 /* WDRootVC.m */; };
		D843128318B7E085006D9785 /* WDVerifyVC.m in Sources */ = {isa = PBXBuildFile; fileRef = D843128218B7E085006D9785 /* WDVerifyVC.m */; };
		D8439FDB18C93D9600273945 /* WDEventsVC.m in Sources */ = {isa = PBXBuildFile; fileRef = D8439FDA18C93D9600273945 /* WDEventsVC.m */; };
		D8439FE418C9424D00273945 /* WDComposeVC.m in Sources */ = {isa = PBXBuildFile; fileRef = D8439FE318C9424D00273945 /* WDComposeVC.m */; };
		D8EE9E4118A81149005A91BB /* Foundation.framework in Frameworks */ = {isa = PBXBuildFile; fileRef = D8EE9E4018A81149005A91BB /* Foundation.framework */; };
		D8EE9E4318A81149005A91BB /* CoreGraphics.framework in Frameworks */ = {isa = PBXBuildFile; fileRef = D8EE9E4218A81149005A91BB /* CoreGraphics.framework */; };
		D8EE9E4518A81149005A91BB /* UIKit.framework in Frameworks */ = {isa = PBXBuildFile; fileRef = D8EE9E4418A81149005A91BB /* UIKit.framework */; };
		D8EE9E4B18A81149005A91BB /* InfoPlist.strings in Resources */ = {isa = PBXBuildFile; fileRef = D8EE9E4918A81149005A91BB /* InfoPlist.strings */; };
		D8EE9E4D18A81149005A91BB /* main.m in Sources */ = {isa = PBXBuildFile; fileRef = D8EE9E4C18A81149005A91BB /* main.m */; };
		D8EE9E5118A81149005A91BB /* WDAppDelegate.m in Sources */ = {isa = PBXBuildFile; fileRef = D8EE9E5018A81149005A91BB /* WDAppDelegate.m */; };
		D8EE9E5318A81149005A91BB /* Images.xcassets in Resources */ = {isa = PBXBuildFile; fileRef = D8EE9E5218A81149005A91BB /* Images.xcassets */; };
		D8EE9E5A18A81149005A91BB /* XCTest.framework in Frameworks */ = {isa = PBXBuildFile; fileRef = D8EE9E5918A81149005A91BB /* XCTest.framework */; };
		D8EE9E5B18A81149005A91BB /* Foundation.framework in Frameworks */ = {isa = PBXBuildFile; fileRef = D8EE9E4018A81149005A91BB /* Foundation.framework */; };
		D8EE9E5C18A81149005A91BB /* UIKit.framework in Frameworks */ = {isa = PBXBuildFile; fileRef = D8EE9E4418A81149005A91BB /* UIKit.framework */; };
		D8EE9E6418A81149005A91BB /* InfoPlist.strings in Resources */ = {isa = PBXBuildFile; fileRef = D8EE9E6218A81149005A91BB /* InfoPlist.strings */; };
		D8EE9E6618A81149005A91BB /* wdTests.m in Sources */ = {isa = PBXBuildFile; fileRef = D8EE9E6518A81149005A91BB /* wdTests.m */; };
		D8EE9E7118A814A7005A91BB /* WDModel.m in Sources */ = {isa = PBXBuildFile; fileRef = D8EE9E7018A814A7005A91BB /* WDModel.m */; };
/* End PBXBuildFile section */

/* Begin PBXContainerItemProxy section */
		D8EE9E5D18A81149005A91BB /* PBXContainerItemProxy */ = {
			isa = PBXContainerItemProxy;
			containerPortal = D8EE9E3518A81149005A91BB /* Project object */;
			proxyType = 1;
			remoteGlobalIDString = D8EE9E3C18A81149005A91BB;
			remoteInfo = app;
		};
/* End PBXContainerItemProxy section */

/* Begin PBXFileReference section */
		D819AA0C18BB163A001FFBF2 /* WDModelDelegate.h */ = {isa = PBXFileReference; lastKnownFileType = sourcecode.c.h; path = WDModelDelegate.h; sourceTree = "<group>"; };
		D843127118B7D87A006D9785 /* WDRootVC.h */ = {isa = PBXFileReference; fileEncoding = 4; lastKnownFileType = sourcecode.c.h; path = WDRootVC.h; sourceTree = "<group>"; };
		D843127218B7D87A006D9785 /* WDRootVC.m */ = {isa = PBXFileReference; fileEncoding = 4; lastKnownFileType = sourcecode.c.objc; path = WDRootVC.m; sourceTree = "<group>"; };
		D843127418B7DA3A006D9785 /* WDConstants.h */ = {isa = PBXFileReference; lastKnownFileType = sourcecode.c.h; path = WDConstants.h; sourceTree = "<group>"; };
		D843128118B7E085006D9785 /* WDVerifyVC.h */ = {isa = PBXFileReference; fileEncoding = 4; lastKnownFileType = sourcecode.c.h; path = WDVerifyVC.h; sourceTree = "<group>"; };
		D843128218B7E085006D9785 /* WDVerifyVC.m */ = {isa = PBXFileReference; fileEncoding = 4; lastKnownFileType = sourcecode.c.objc; path = WDVerifyVC.m; sourceTree = "<group>"; };
		D843128418B7F0FA006D9785 /* WDVerifyDelegate.h */ = {isa = PBXFileReference; lastKnownFileType = sourcecode.c.h; path = WDVerifyDelegate.h; sourceTree = "<group>"; };
		D8439FD918C93D9600273945 /* WDEventsVC.h */ = {isa = PBXFileReference; fileEncoding = 4; lastKnownFileType = sourcecode.c.h; path = WDEventsVC.h; sourceTree = "<group>"; };
		D8439FDA18C93D9600273945 /* WDEventsVC.m */ = {isa = PBXFileReference; fileEncoding = 4; lastKnownFileType = sourcecode.c.objc; path = WDEventsVC.m; sourceTree = "<group>"; };
		D8439FE218C9424D00273945 /* WDComposeVC.h */ = {isa = PBXFileReference; fileEncoding = 4; lastKnownFileType = sourcecode.c.h; path = WDComposeVC.h; sourceTree = "<group>"; };
		D8439FE318C9424D00273945 /* WDComposeVC.m */ = {isa = PBXFileReference; fileEncoding = 4; lastKnownFileType = sourcecode.c.objc; path = WDComposeVC.m; sourceTree = "<group>"; };
		D8EE9E3D18A81149005A91BB /* wd.app */ = {isa = PBXFileReference; explicitFileType = wrapper.application; includeInIndex = 0; path = wd.app; sourceTree = BUILT_PRODUCTS_DIR; };
		D8EE9E4018A81149005A91BB /* Foundation.framework */ = {isa = PBXFileReference; lastKnownFileType = wrapper.framework; name = Foundation.framework; path = System/Library/Frameworks/Foundation.framework; sourceTree = SDKROOT; };
		D8EE9E4218A81149005A91BB /* CoreGraphics.framework */ = {isa = PBXFileReference; lastKnownFileType = wrapper.framework; name = CoreGraphics.framework; path = System/Library/Frameworks/CoreGraphics.framework; sourceTree = SDKROOT; };
		D8EE9E4418A81149005A91BB /* UIKit.framework */ = {isa = PBXFileReference; lastKnownFileType = wrapper.framework; name = UIKit.framework; path = System/Library/Frameworks/UIKit.framework; sourceTree = SDKROOT; };
		D8EE9E4818A81149005A91BB /* wd-Info.plist */ = {isa = PBXFileReference; lastKnownFileType = text.plist.xml; path = "wd-Info.plist"; sourceTree = "<group>"; };
		D8EE9E4A18A81149005A91BB /* en */ = {isa = PBXFileReference; lastKnownFileType = text.plist.strings; name = en; path = en.lproj/InfoPlist.strings; sourceTree = "<group>"; };
		D8EE9E4C18A81149005A91BB /* main.m */ = {isa = PBXFileReference; lastKnownFileType = sourcecode.c.objc; path = main.m; sourceTree = "<group>"; };
		D8EE9E4E18A81149005A91BB /* wd-Prefix.pch */ = {isa = PBXFileReference; lastKnownFileType = sourcecode.c.h; path = "wd-Prefix.pch"; sourceTree = "<group>"; };
		D8EE9E4F18A81149005A91BB /* WDAppDelegate.h */ = {isa = PBXFileReference; lastKnownFileType = sourcecode.c.h; path = WDAppDelegate.h; sourceTree = "<group>"; };
		D8EE9E5018A81149005A91BB /* WDAppDelegate.m */ = {isa = PBXFileReference; lastKnownFileType = sourcecode.c.objc; path = WDAppDelegate.m; sourceTree = "<group>"; };
		D8EE9E5218A81149005A91BB /* Images.xcassets */ = {isa = PBXFileReference; lastKnownFileType = folder.assetcatalog; path = Images.xcassets; sourceTree = "<group>"; };
		D8EE9E5818A81149005A91BB /* wdTests.xctest */ = {isa = PBXFileReference; explicitFileType = wrapper.cfbundle; includeInIndex = 0; path = wdTests.xctest; sourceTree = BUILT_PRODUCTS_DIR; };
		D8EE9E5918A81149005A91BB /* XCTest.framework */ = {isa = PBXFileReference; lastKnownFileType = wrapper.framework; name = XCTest.framework; path = Library/Frameworks/XCTest.framework; sourceTree = DEVELOPER_DIR; };
		D8EE9E6118A81149005A91BB /* wdTests-Info.plist */ = {isa = PBXFileReference; lastKnownFileType = text.plist.xml; path = "wdTests-Info.plist"; sourceTree = "<group>"; };
		D8EE9E6318A81149005A91BB /* en */ = {isa = PBXFileReference; lastKnownFileType = text.plist.strings; name = en; path = en.lproj/InfoPlist.strings; sourceTree = "<group>"; };
		D8EE9E6518A81149005A91BB /* wdTests.m */ = {isa = PBXFileReference; lastKnownFileType = sourcecode.c.objc; path = wdTests.m; sourceTree = "<group>"; };
		D8EE9E6F18A814A7005A91BB /* WDModel.h */ = {isa = PBXFileReference; fileEncoding = 4; lastKnownFileType = sourcecode.c.h; path = WDModel.h; sourceTree = "<group>"; };
		D8EE9E7018A814A7005A91BB /* WDModel.m */ = {isa = PBXFileReference; fileEncoding = 4; lastKnownFileType = sourcecode.c.objc; path = WDModel.m; sourceTree = "<group>"; };
/* End PBXFileReference section */

/* Begin PBXFrameworksBuildPhase section */
		D8EE9E3A18A81149005A91BB /* Frameworks */ = {
			isa = PBXFrameworksBuildPhase;
			buildActionMask = 2147483647;
			files = (
				D8EE9E4318A81149005A91BB /* CoreGraphics.framework in Frameworks */,
				D8EE9E4518A81149005A91BB /* UIKit.framework in Frameworks */,
				D8EE9E4118A81149005A91BB /* Foundation.framework in Frameworks */,
			);
			runOnlyForDeploymentPostprocessing = 0;
		};
		D8EE9E5518A81149005A91BB /* Frameworks */ = {
			isa = PBXFrameworksBuildPhase;
			buildActionMask = 2147483647;
			files = (
				D8EE9E5A18A81149005A91BB /* XCTest.framework in Frameworks */,
				D8EE9E5C18A81149005A91BB /* UIKit.framework in Frameworks */,
				D8EE9E5B18A81149005A91BB /* Foundation.framework in Frameworks */,
			);
			runOnlyForDeploymentPostprocessing = 0;
		};
/* End PBXFrameworksBuildPhase section */

/* Begin PBXGroup section */
		D8EE9E3418A81149005A91BB = {
			isa = PBXGroup;
			children = (
				D8EE9E4618A81149005A91BB /* wd */,
				D8EE9E5F18A81149005A91BB /* wdTests */,
				D8EE9E3F18A81149005A91BB /* Frameworks */,
				D8EE9E3E18A81149005A91BB /* Products */,
			);
			sourceTree = "<group>";
		};
		D8EE9E3E18A81149005A91BB /* Products */ = {
			isa = PBXGroup;
			children = (
				D8EE9E3D18A81149005A91BB /* wd.app */,
				D8EE9E5818A81149005A91BB /* wdTests.xctest */,
			);
			name = Products;
			sourceTree = "<group>";
		};
		D8EE9E3F18A81149005A91BB /* Frameworks */ = {
			isa = PBXGroup;
			children = (
				D8EE9E4018A81149005A91BB /* Foundation.framework */,
				D8EE9E4218A81149005A91BB /* CoreGraphics.framework */,
				D8EE9E4418A81149005A91BB /* UIKit.framework */,
				D8EE9E5918A81149005A91BB /* XCTest.framework */,
			);
			name = Frameworks;
			sourceTree = "<group>";
		};
		D8EE9E4618A81149005A91BB /* wd */ = {
			isa = PBXGroup;
			children = (
				D8439FE218C9424D00273945 /* WDComposeVC.h */,
				D8439FE318C9424D00273945 /* WDComposeVC.m */,
				D843127118B7D87A006D9785 /* WDRootVC.h */,
				D843127218B7D87A006D9785 /* WDRootVC.m */,
				D8439FD918C93D9600273945 /* WDEventsVC.h */,
				D8439FDA18C93D9600273945 /* WDEventsVC.m */,
				D843128118B7E085006D9785 /* WDVerifyVC.h */,
				D843128218B7E085006D9785 /* WDVerifyVC.m */,
				D843128418B7F0FA006D9785 /* WDVerifyDelegate.h */,
				D843127418B7DA3A006D9785 /* WDConstants.h */,
				D8EE9E4F18A81149005A91BB /* WDAppDelegate.h */,
				D8EE9E5018A81149005A91BB /* WDAppDelegate.m */,
				D8EE9E6F18A814A7005A91BB /* WDModel.h */,
				D8EE9E7018A814A7005A91BB /* WDModel.m */,
				D819AA0C18BB163A001FFBF2 /* WDModelDelegate.h */,
				D8EE9E5218A81149005A91BB /* Images.xcassets */,
				D8EE9E4718A81149005A91BB /* Supporting Files */,
			);
			name = wd;
			path = app;
			sourceTree = "<group>";
		};
		D8EE9E4718A81149005A91BB /* Supporting Files */ = {
			isa = PBXGroup;
			children = (
				D8EE9E4818A81149005A91BB /* wd-Info.plist */,
				D8EE9E4918A81149005A91BB /* InfoPlist.strings */,
				D8EE9E4C18A81149005A91BB /* main.m */,
				D8EE9E4E18A81149005A91BB /* wd-Prefix.pch */,
			);
			name = "Supporting Files";
			sourceTree = "<group>";
		};
		D8EE9E5F18A81149005A91BB /* wdTests */ = {
			isa = PBXGroup;
			children = (
				D8EE9E6518A81149005A91BB /* wdTests.m */,
				D8EE9E6018A81149005A91BB /* Supporting Files */,
			);
			name = wdTests;
			path = appTests;
			sourceTree = "<group>";
		};
		D8EE9E6018A81149005A91BB /* Supporting Files */ = {
			isa = PBXGroup;
			children = (
				D8EE9E6118A81149005A91BB /* wdTests-Info.plist */,
				D8EE9E6218A81149005A91BB /* InfoPlist.strings */,
			);
			name = "Supporting Files";
			sourceTree = "<group>";
		};
/* End PBXGroup section */

/* Begin PBXNativeTarget section */
		D8EE9E3C18A81149005A91BB /* wd */ = {
			isa = PBXNativeTarget;
			buildConfigurationList = D8EE9E6918A81149005A91BB /* Build configuration list for PBXNativeTarget "wd" */;
			buildPhases = (
				D8EE9E3918A81149005A91BB /* Sources */,
				D8EE9E3A18A81149005A91BB /* Frameworks */,
				D8EE9E3B18A81149005A91BB /* Resources */,
			);
			buildRules = (
			);
			dependencies = (
			);
			name = wd;
			productName = app;
			productReference = D8EE9E3D18A81149005A91BB /* wd.app */;
			productType = "com.apple.product-type.application";
		};
		D8EE9E5718A81149005A91BB /* wdTests */ = {
			isa = PBXNativeTarget;
			buildConfigurationList = D8EE9E6C18A81149005A91BB /* Build configuration list for PBXNativeTarget "wdTests" */;
			buildPhases = (
				D8EE9E5418A81149005A91BB /* Sources */,
				D8EE9E5518A81149005A91BB /* Frameworks */,
				D8EE9E5618A81149005A91BB /* Resources */,
			);
			buildRules = (
			);
			dependencies = (
				D8EE9E5E18A81149005A91BB /* PBXTargetDependency */,
			);
			name = wdTests;
			productName = appTests;
			productReference = D8EE9E5818A81149005A91BB /* wdTests.xctest */;
			productType = "com.apple.product-type.bundle.unit-test";
		};
/* End PBXNativeTarget section */

/* Begin PBXProject section */
		D8EE9E3518A81149005A91BB /* Project object */ = {
			isa = PBXProject;
			attributes = {
				CLASSPREFIX = WD;
				LastUpgradeCheck = 0500;
				ORGANIZATIONNAME = "Who's Down";
				TargetAttributes = {
					D8EE9E5718A81149005A91BB = {
						TestTargetID = D8EE9E3C18A81149005A91BB;
					};
				};
			};
			buildConfigurationList = D8EE9E3818A81149005A91BB /* Build configuration list for PBXProject "wd" */;
			compatibilityVersion = "Xcode 3.2";
			developmentRegion = English;
			hasScannedForEncodings = 0;
			knownRegions = (
				en,
			);
			mainGroup = D8EE9E3418A81149005A91BB;
			productRefGroup = D8EE9E3E18A81149005A91BB /* Products */;
			projectDirPath = "";
			projectRoot = "";
			targets = (
				D8EE9E3C18A81149005A91BB /* wd */,
				D8EE9E5718A81149005A91BB /* wdTests */,
			);
		};
/* End PBXProject section */

/* Begin PBXResourcesBuildPhase section */
		D8EE9E3B18A81149005A91BB /* Resources */ = {
			isa = PBXResourcesBuildPhase;
			buildActionMask = 2147483647;
			files = (
				D8EE9E4B18A81149005A91BB /* InfoPlist.strings in Resources */,
				D8EE9E5318A81149005A91BB /* Images.xcassets in Resources */,
			);
			runOnlyForDeploymentPostprocessing = 0;
		};
		D8EE9E5618A81149005A91BB /* Resources */ = {
			isa = PBXResourcesBuildPhase;
			buildActionMask = 2147483647;
			files = (
				D8EE9E6418A81149005A91BB /* InfoPlist.strings in Resources */,
			);
			runOnlyForDeploymentPostprocessing = 0;
		};
/* End PBXResourcesBuildPhase section */

/* Begin PBXSourcesBuildPhase section */
		D8EE9E3918A81149005A91BB /* Sources */ = {
			isa = PBXSourcesBuildPhase;
			buildActionMask = 2147483647;
			files = (
				D8EE9E4D18A81149005A91BB /* main.m in Sources */,
				D843128318B7E085006D9785 /* WDVerifyVC.m in Sources */,
				D843127318B7D87A006D9785 /* WDRootVC.m in Sources */,
				D8EE9E7118A814A7005A91BB /* WDModel.m in Sources */,
				D8439FDB18C93D9600273945 /* WDEventsVC.m in Sources */,
				D8439FE418C9424D00273945 /* WDComposeVC.m in Sources */,
				D8EE9E5118A81149005A91BB /* WDAppDelegate.m in Sources */,
			);
			runOnlyForDeploymentPostprocessing = 0;
		};
		D8EE9E5418A81149005A91BB /* Sources */ = {
			isa = PBXSourcesBuildPhase;
			buildActionMask = 2147483647;
			files = (
				D8EE9E6618A81149005A91BB /* wdTests.m in Sources */,
			);
			runOnlyForDeploymentPostprocessing = 0;
		};
/* End PBXSourcesBuildPhase section */

/* Begin PBXTargetDependency section */
		D8EE9E5E18A81149005A91BB /* PBXTargetDependency */ = {
			isa = PBXTargetDependency;
			target = D8EE9E3C18A81149005A91BB /* wd */;
			targetProxy = D8EE9E5D18A81149005A91BB /* PBXContainerItemProxy */;
		};
/* End PBXTargetDependency section */

/* Begin PBXVariantGroup section */
		D8EE9E4918A81149005A91BB /* InfoPlist.strings */ = {
			isa = PBXVariantGroup;
			children = (
				D8EE9E4A18A81149005A91BB /* en */,
			);
			name = InfoPlist.strings;
			sourceTree = "<group>";
		};
		D8EE9E6218A81149005A91BB /* InfoPlist.strings */ = {
			isa = PBXVariantGroup;
			children = (
				D8EE9E6318A81149005A91BB /* en */,
			);
			name = InfoPlist.strings;
			sourceTree = "<group>";
		};
/* End PBXVariantGroup section */

/* Begin XCBuildConfiguration section */
		D8EE9E6718A81149005A91BB /* Debug */ = {
			isa = XCBuildConfiguration;
			buildSettings = {
				ALWAYS_SEARCH_USER_PATHS = NO;
				ARCHS = "$(ARCHS_STANDARD_INCLUDING_64_BIT)";
				CLANG_CXX_LANGUAGE_STANDARD = "gnu++0x";
				CLANG_CXX_LIBRARY = "libc++";
				CLANG_ENABLE_MODULES = YES;
				CLANG_ENABLE_OBJC_ARC = YES;
				CLANG_WARN_BOOL_CONVERSION = YES;
				CLANG_WARN_CONSTANT_CONVERSION = YES;
				CLANG_WARN_DIRECT_OBJC_ISA_USAGE = YES_ERROR;
				CLANG_WARN_EMPTY_BODY = YES;
				CLANG_WARN_ENUM_CONVERSION = YES;
				CLANG_WARN_INT_CONVERSION = YES;
				CLANG_WARN_OBJC_ROOT_CLASS = YES_ERROR;
				CLANG_WARN__DUPLICATE_METHOD_MATCH = YES;
				"CODE_SIGN_IDENTITY[sdk=iphoneos*]" = "iPhone Developer";
				COPY_PHASE_STRIP = NO;
				GCC_C_LANGUAGE_STANDARD = gnu99;
				GCC_DYNAMIC_NO_PIC = NO;
				GCC_OPTIMIZATION_LEVEL = 0;
				GCC_PREPROCESSOR_DEFINITIONS = (
					"DEBUG=1",
					"$(inherited)",
				);
				GCC_SYMBOLS_PRIVATE_EXTERN = NO;
				GCC_WARN_64_TO_32_BIT_CONVERSION = YES;
				GCC_WARN_ABOUT_RETURN_TYPE = YES_ERROR;
				GCC_WARN_UNDECLARED_SELECTOR = YES;
				GCC_WARN_UNINITIALIZED_AUTOS = YES;
				GCC_WARN_UNUSED_FUNCTION = YES;
				GCC_WARN_UNUSED_VARIABLE = YES;
				IPHONEOS_DEPLOYMENT_TARGET = 7.0;
				ONLY_ACTIVE_ARCH = YES;
				SDKROOT = iphoneos;
				TARGETED_DEVICE_FAMILY = "1,2";
			};
			name = Debug;
		};
		D8EE9E6818A81149005A91BB /* Release */ = {
			isa = XCBuildConfiguration;
			buildSettings = {
				ALWAYS_SEARCH_USER_PATHS = NO;
				ARCHS = "$(ARCHS_STANDARD_INCLUDING_64_BIT)";
				CLANG_CXX_LANGUAGE_STANDARD = "gnu++0x";
				CLANG_CXX_LIBRARY = "libc++";
				CLANG_ENABLE_MODULES = YES;
				CLANG_ENABLE_OBJC_ARC = YES;
				CLANG_WARN_BOOL_CONVERSION = YES;
				CLANG_WARN_CONSTANT_CONVERSION = YES;
				CLANG_WARN_DIRECT_OBJC_ISA_USAGE = YES_ERROR;
				CLANG_WARN_EMPTY_BODY = YES;
				CLANG_WARN_ENUM_CONVERSION = YES;
				CLANG_WARN_INT_CONVERSION = YES;
				CLANG_WARN_OBJC_ROOT_CLASS = YES_ERROR;
				CLANG_WARN__DUPLICATE_METHOD_MATCH = YES;
				"CODE_SIGN_IDENTITY[sdk=iphoneos*]" = "iPhone Developer";
				COPY_PHASE_STRIP = YES;
				ENABLE_NS_ASSERTIONS = NO;
				GCC_C_LANGUAGE_STANDARD = gnu99;
				GCC_WARN_64_TO_32_BIT_CONVERSION = YES;
				GCC_WARN_ABOUT_RETURN_TYPE = YES_ERROR;
				GCC_WARN_UNDECLARED_SELECTOR = YES;
				GCC_WARN_UNINITIALIZED_AUTOS = YES;
				GCC_WARN_UNUSED_FUNCTION = YES;
				GCC_WARN_UNUSED_VARIABLE = YES;
				IPHONEOS_DEPLOYMENT_TARGET = 7.0;
				SDKROOT = iphoneos;
				TARGETED_DEVICE_FAMILY = "1,2";
				VALIDATE_PRODUCT = YES;
			};
			name = Release;
		};
		D8EE9E6A18A81149005A91BB /* Debug */ = {
			isa = XCBuildConfiguration;
			buildSettings = {
				ASSETCATALOG_COMPILER_APPICON_NAME = AppIcon;
				ASSETCATALOG_COMPILER_LAUNCHIMAGE_NAME = LaunchImage;
				GCC_PRECOMPILE_PREFIX_HEADER = YES;
				GCC_PREFIX_HEADER = "app/wd-Prefix.pch";
				INFOPLIST_FILE = "app/wd-Info.plist";
				PRODUCT_NAME = "$(TARGET_NAME)";
				WRAPPER_EXTENSION = app;
			};
			name = Debug;
		};
		D8EE9E6B18A81149005A91BB /* Release */ = {
			isa = XCBuildConfiguration;
			buildSettings = {
				ASSETCATALOG_COMPILER_APPICON_NAME = AppIcon;
				ASSETCATALOG_COMPILER_LAUNCHIMAGE_NAME = LaunchImage;
				GCC_PRECOMPILE_PREFIX_HEADER = YES;
				GCC_PREFIX_HEADER = "app/wd-Prefix.pch";
				INFOPLIST_FILE = "app/wd-Info.plist";
				PRODUCT_NAME = "$(TARGET_NAME)";
				WRAPPER_EXTENSION = app;
			};
			name = Release;
		};
		D8EE9E6D18A81149005A91BB /* Debug */ = {
			isa = XCBuildConfiguration;
			buildSettings = {
				ARCHS = "$(ARCHS_STANDARD_INCLUDING_64_BIT)";
				BUNDLE_LOADER = "$(BUILT_PRODUCTS_DIR)/app.app/app";
				FRAMEWORK_SEARCH_PATHS = (
					"$(SDKROOT)/Developer/Library/Frameworks",
					"$(inherited)",
					"$(DEVELOPER_FRAMEWORKS_DIR)",
				);
				GCC_PRECOMPILE_PREFIX_HEADER = YES;
				GCC_PREFIX_HEADER = "app/app-Prefix.pch";
				GCC_PREPROCESSOR_DEFINITIONS = (
					"DEBUG=1",
					"$(inherited)",
				);
				INFOPLIST_FILE = "appTests/wdTests-Info.plist";
				PRODUCT_NAME = wdTests;
				TEST_HOST = "$(BUNDLE_LOADER)";
				WRAPPER_EXTENSION = xctest;
			};
			name = Debug;
		};
		D8EE9E6E18A81149005A91BB /* Release */ = {
			isa = XCBuildConfiguration;
			buildSettings = {
				ARCHS = "$(ARCHS_STANDARD_INCLUDING_64_BIT)";
				BUNDLE_LOADER = "$(BUILT_PRODUCTS_DIR)/app.app/app";
				FRAMEWORK_SEARCH_PATHS = (
					"$(SDKROOT)/Developer/Library/Frameworks",
					"$(inherited)",
					"$(DEVELOPER_FRAMEWORKS_DIR)",
				);
				GCC_PRECOMPILE_PREFIX_HEADER = YES;
				GCC_PREFIX_HEADER = "app/app-Prefix.pch";
				INFOPLIST_FILE = "appTests/wdTests-Info.plist";
				PRODUCT_NAME = wdTests;
				TEST_HOST = "$(BUNDLE_LOADER)";
				WRAPPER_EXTENSION = xctest;
			};
			name = Release;
		};
/* End XCBuildConfiguration section */

/* Begin XCConfigurationList section */
		D8EE9E3818A81149005A91BB /* Build configuration list for PBXProject "wd" */ = {
			isa = XCConfigurationList;
			buildConfigurations = (
				D8EE9E6718A81149005A91BB /* Debug */,
				D8EE9E6818A81149005A91BB /* Release */,
			);
			defaultConfigurationIsVisible = 0;
			defaultConfigurationName = Release;
		};
		D8EE9E6918A81149005A91BB /* Build configuration list for PBXNativeTarget "wd" */ = {
			isa = XCConfigurationList;
			buildConfigurations = (
				D8EE9E6A18A81149005A91BB /* Debug */,
				D8EE9E6B18A81149005A91BB /* Release */,
			);
			defaultConfigurationIsVisible = 0;
			defaultConfigurationName = Release;
		};
		D8EE9E6C18A81149005A91BB /* Build configuration list for PBXNativeTarget "wdTests" */ = {
			isa = XCConfigurationList;
			buildConfigurations = (
				D8EE9E6D18A81149005A91BB /* Debug */,
				D8EE9E6E18A81149005A91BB /* Release */,
			);
			defaultConfigurationIsVisible = 0;
			defaultConfigurationName = Release;
		};
/* End XCConfigurationList section */
	};
	rootObject = D8EE9E3518A81149005A91BB /* Project object */;
}
